
Microsoft Visual Studio Solution File, Format Version 12.00
Project("{FAE04EC0-301F-11D3-BF4B-00C04F79EFBC}") = "Back-Quiz", "Back-Quiz\Back-Quiz.csproj", "{7B636D28-3A92-4A22-8371-DA22A586BD63}"
EndProject
Project("{2150E333-8FDC-42A3-9474-1A3956D46DE8}") = "Solution Items", "Solution Items", "{0AB9E1D2-1879-4898-8BD1-34B37076CFB3}"
	ProjectSection(SolutionItems) = preProject
		compose.yaml = compose.yaml
	EndProjectSection
EndProject
Global
	GlobalSection(SolutionConfigurationPlatforms) = preSolution
		Debug|Any CPU = Debug|Any CPU
		Release|Any CPU = Release|Any CPU
	EndGlobalSection
	GlobalSection(ProjectConfigurationPlatforms) = postSolution
		{7B636D28-3A92-4A22-8371-DA22A586BD63}.Debug|Any CPU.ActiveCfg = Debug|Any CPU
		{7B636D28-3A92-4A22-8371-DA22A586BD63}.Debug|Any CPU.Build.0 = Debug|Any CPU
		{7B636D28-3A92-4A22-8371-DA22A586BD63}.Release|Any CPU.ActiveCfg = Release|Any CPU
		{7B636D28-3A92-4A22-8371-DA22A586BD63}.Release|Any CPU.Build.0 = Release|Any CPU
	EndGlobalSection
EndGlobal
